github.com/BurntSushi/toml v1.4.1-0.20240526193622-a339e1f7089c h1:pxW6RcqyfI9/kWtOwnv/G+AzdKuy2ZrqINhenH4HyNs=
github.com/BurntSushi/toml v1.4.1-0.20240526193622-a339e1f7089c/go.mod h1:ukJfTF/6rtPPRCnwkur4qwRxa8vTRFBF0uk2lLoLwho=
github.com/aws/aws-sdk-go-v2 v1.30.4 h1:frhcagrVNrzmT95RJImMHgabt99vkXGslubDaDagTk8=
github.com/aws/aws-sdk-go-v2 v1.30.4/go.mod h1:CT+ZPWXbYrci8chcARI3OmI/qgd+f6WtuLOoaIA8PR0=
github.com/aws/aws-sdk-go-v2/aws/protocol/eventstream v1.6.4 h1:70PVAiL15/aBMh5LThwgXdSQorVr91L127ttckI9QQU=
github.com/aws/aws-sdk-go-v2/aws/protocol/eventstream v1.6.4/go.mod h1:/MQxMqci8tlqDH+pjmoLu1i0tbWCUP1hhyMRuFxpQCw=
github.com/aws/aws-sdk-go-v2/config v1.27.28 h1:OTxWGW/91C61QlneCtnD62NLb4W616/NM1jA8LhJqbg=
github.com/aws/aws-sdk-go-v2/config v1.27.28/go.mod h1:uzVRVtJSU5EFv6Fu82AoVFKozJi2ZCY6WRCXj06rbvs=
github.com/aws/aws-sdk-go-v2/credentials v1.17.28 h1:m8+AHY/ND8CMHJnPoH7PJIRakWGa4gbfbxuY9TGTUXM=
github.com/aws/aws-sdk-go-v2/credentials v1.17.28/go.mod h1:6TF7dSc78ehD1SL6KpRIPKMA1GyyWflIkjqg+qmf4+c=
github.com/aws/aws-sdk-go-v2/feature/ec2/imds v1.16.12 h1:yjwoSyDZF8Jth+mUk5lSPJCkMC0lMy6FaCD51jm6ayE=
github.com/aws/aws-sdk-go-v2/feature/ec2/imds v1.16.12/go.mod h1:fuR57fAgMk7ot3WcNQfb6rSEn+SUffl7ri+aa8uKysI=
github.com/aws/aws-sdk-go-v2/internal/configsources v1.3.16 h1:TNyt/+X43KJ9IJJMjKfa3bNTiZbUP7DeCxfbTROESwY=
github.com/aws/aws-sdk-go-v2/internal/configsources v1.3.16/go.mod h1:2DwJF39FlNAUiX5pAc0UNeiz16lK2t7IaFcm0LFHEgc=
github.com/aws/aws-sdk-go-v2/internal/endpoints/v2 v2.6.16 h1:jYfy8UPmd+6kJW5YhY0L1/KftReOGxI/4NtVSTh9O/I=
github.com/aws/aws-sdk-go-v2/internal/endpoints/v2 v2.6.16/go.mod h1:7ZfEPZxkW42Afq4uQB8H2E2e6ebh6mXTueEpYzjCzcs=
github.com/aws/aws-sdk-go-v2/internal/ini v1.8.1 h1:VaRN3TlFdd6KxX1x3ILT5ynH6HvKgqdiXoTxAF4HQcQ=
github.com/aws/aws-sdk-go-v2/internal/ini v1.8.1/go.mod h1:FbtygfRFze9usAadmnGJNc8KsP346kEe+y2/oyhGAGc=
github.com/aws/aws-sdk-go-v2/internal/v4a v1.3.16 h1:mimdLQkIX1zr8GIPY1ZtALdBQGxcASiBd2MOp8m/dMc=
github.com/aws/aws-sdk-go-v2/internal/v4a v1.3.16/go.mod h1:YHk6owoSwrIsok+cAH9PENCOGoH5PU2EllX4vLtSrsY=
github.com/aws/aws-sdk-go-v2/service/internal/accept-encoding v1.11.4 h1:KypMCbLPPHEmf9DgMGw51jMj77VfGPAN2Kv4cfhlfgI=
github.com/aws/aws-sdk-go-v2/service/internal/accept-encoding v1.11.4/go.mod h1:Vz1JQXliGcQktFTN/LN6uGppAIRoLBR2bMvIMP0gOjc=
github.com/aws/aws-sdk-go-v2/service/internal/checksum v1.3.18 h1:GckUnpm4EJOAio1c8o25a+b3lVfwVzC9gnSBqiiNmZM=
github.com/aws/aws-sdk-go-v2/service/internal/checksum v1.3.18/go.mod h1:Br6+bxfG33Dk3ynmkhsW2Z/t9D4+lRqdLDNCKi85w0U=
github.com/aws/aws-sdk-go-v2/service/internal/presigned-url v1.11.18 h1:tJ5RnkHCiSH0jyd6gROjlJtNwov0eGYNz8s8nFcR0jQ=
github.com/aws/aws-sdk-go-v2/service/internal/presigned-url v1.11.18/go.mod h1:++NHzT+nAF7ZPrHPsA+ENvsXkOO8wEu+C6RXltAG4/c=
github.com/aws/aws-sdk-go-v2/service/internal/s3shared v1.17.16 h1:jg16PhLPUiHIj8zYIW6bqzeQSuHVEiWnGA0Brz5Xv2I=
github.com/aws/aws-sdk-go-v2/service/internal/s3shared v1.17.16/go.mod h1:Uyk1zE1VVdsHSU7096h/rwnXDzOzYQVl+FNPhPw7ShY=
github.com/aws/aws-sdk-go-v2/service/s3 v1.59.0 h1:Cso4Ev/XauMVsbwdhYEoxg8rxZWw43CFqqaPB5w3W2c=
github.com/aws/aws-sdk-go-v2/service/s3 v1.59.0/go.mod h1:BSPI0EfnYUuNHPS0uqIo5VrRwzie+Fp+YhQOUs16sKI=
github.com/aws/aws-sdk-go-v2/service/sso v1.22.5 h1:zCsFCKvbj25i7p1u94imVoO447I/sFv8qq+lGJhRN0c=
github.com/aws/aws-sdk-go-v2/service/sso v1.22.5/go.mod h1:ZeDX1SnKsVlejeuz41GiajjZpRSWR7/42q/EyA/QEiM=
github.com/aws/aws-sdk-go-v2/service/ssooidc v1.26.5 h1:SKvPgvdvmiTWoi0GAJ7AsJfOz3ngVkD/ERbs5pUnHNI=
github.com/aws/aws-sdk-go-v2/service/ssooidc v1.26.5/go.mod h1:20sz31hv/WsPa3HhU3hfrIet2kxM4Pe0r20eBZ20Tac=
github.com/aws/aws-sdk-go-v2/service/sts v1.30.4 h1:iAckBT2OeEK/kBDyN/jDtpEExhjeeA/Im2q4X0rJZT8=
github.com/aws/aws-sdk-go-v2/service/sts v1.30.4/go.mod h1:vmSqFK+BVIwVpDAGZB3CoCXHzurt4qBE8lf+I/kRTh0=
github.com/aws/smithy-go v1.20.4 h1:2HK1zBdPgRbjFOHlfeQZfpC4r72MOb9bZkiFwggKO+4=
github.com/aws/smithy-go v1.20.4/go.mod h1:irrKGvNn1InZwb2d7fkIRNucdfwR8R+Ts3wxYa/cJHg=
github.com/creachadair/atomicfile v0.3.4 h1:AjNK7To+S1p+nk7uJXJMZFpcV9XHOyAaULyDeU6LEqM=
github.com/creachadair/atomicfile v0.3.4/go.mod h1:ByEUbfQyms+tRtE7Wk7WdS6PZeyMzfSFlNX1VoKEh6E=
github.com/creachadair/command v0.1.13 h1:UDKPF3QYPRS/quZPVYZ7sW1JLxLLOgiyVSLQ+7wwI2o=
github.com/creachadair/command v0.1.13/go.mod h1:YKwUE49nAi8qxLl8jCQ0GMPvwdxmIBkJW3LqxgZ7ljk=
github.com/creachadair/flax v0.0.1 h1:it+joEf9aEUalaV7XWll/pk6zA4/FbNvMImW9q/lS8o=
github.com/creachadair/flax v0.0.1/go.mod h1:K8bFvn8hMdAljQkaKNc7I3os5Wk36JxkyCkfdZ7S8d4=
github.com/creachadair/gocache v0.0.0-20240822140526-6ffd1bf075ac h1:Q+WacVFlOTpCN5EQcPQ06VvYxeuZM3usF34uvyLcUJU=
github.com/creachadair/gocache v0.0.0-20240822140526-6ffd1bf075ac/go.mod h1:iqnJUdWeHbNfn8xWEkLWGQnOo3dqjkZPH9Rk0rjVk0U=
github.com/creachadair/mds v0.17.1 h1:lXQbTGKmb3nE3aK6OEp29L1gCx6B5ynzlQ6c1KOBurc=
github.com/creachadair/mds v0.17.1/go.mod h1:4b//mUiL8YldH6TImXjmW45myzTLNS1LLjOmrk888eg=
github.com/creachadair/taskgroup v0.9.1 h1:oam4POtt6PpmUr4us+ycUUfb2mPWc0RmIycte2oWoWw=
github.com/creachadair/taskgroup v0.9.1/go.mod h1:9oDDPt/5QPS4iylvPMC81GRlj+1je8AFDbjUh4zaQWo=
github.com/fortytw2/leaktest v1.3.0 h1:u8491cBMTQ8ft8aeV+adlcytMZylmA5nnwwkRZjI8vw=
github.com/fortytw2/leaktest v1.3.0/go.mod h1:jDsjWgpAGjm2CA7WthBh/CdZYEPF31XHquHwclZch5g=
github.com/google/go-cmp v0.6.0 h1:ofyhxvXcZhMsU5ulbFiLKl/XBFqE1GSq7atu8tAmTRI=
github.com/google/go-cmp v0.6.0/go.mod h1:17dUlkBOakJ0+DkrSSNjCkIjxS6bF9zb3elmeNGIjoY=
golang.org/x/exp/typeparams v0.0.0-20231108232855-2478ac86f678 h1:1P7xPZEwZMoBoz0Yze5Nx2/4pxj6nw9ZqHWXqP0iRgQ=
golang.org/x/exp/typeparams v0.0.0-20231108232855-2478ac86f678/go.mod h1:AbB0pIl9nAr9wVwH+Z2ZpaocVmF5I4GyWCDIsVjR0bk=
golang.org/x/mod v0.17.0 h1:zY54UmvipHiNd+pm+m0x9KhZ9hl1/7QNMyxXbc6ICqA=
golang.org/x/mod v0.17.0/go.mod h1:hTbmBsO62+eylJbnUtE2MGJUyE7QWk4xUqPFrRgJ+7c=
golang.org/x/sync v0.7.0 h1:YsImfSBoP9QPYL0xyKJPq0gcaJdG3rInoqxTWbfQu9M=
golang.org/x/sync v0.7.0/go.mod h1:Czt+wKu1gCyEFDUtn0jG5QVvpJ6rzVqr5aXyt9drQfk=
golang.org/x/tools v0.21.1-0.20240531212143-b6235391adb3 h1:SHq4Rl+B7WvyM4XODon1LXtP7gcG49+7Jubt1gWWswY=
golang.org/x/tools v0.21.1-0.20240531212143-b6235391adb3/go.mod h1:bqv7PJ/TtlrzgJKhOAGdDUkUltQapRik/UEHubLVBWo=
honnef.co/go/tools v0.5.1 h1:4bH5o3b5ZULQ4UrBmP+63W9r7qIkqJClEA9ko5YKx+I=
honnef.co/go/tools v0.5.1/go.mod h1:e9irvo83WDG9/irijV44wr3tbhcFeRnfpVlRqVwpzMs=
